
Microsoft Visual Studio Solution File, Format Version 12.00
Project("{FAE04EC0-301F-11D3-BF4B-00C04F79EFBC}") = "Data", "Data\Data.csproj", "{E2439551-BC2B-405B-84E6-6C96343F36AE}"
EndProject
Project("{FAE04EC0-301F-11D3-BF4B-00C04F79EFBC}") = "Repo", "Repo\Repo.csproj", "{D18BF8C7-ADA2-47EF-B3AD-D2B051331CE2}"
EndProject
Project("{FAE04EC0-301F-11D3-BF4B-00C04F79EFBC}") = "Service", "Service\Service.csproj", "{A3809381-8055-432C-9655-407B09B07E87}"
EndProject
Project("{FAE04EC0-301F-11D3-BF4B-00C04F79EFBC}") = "Web", "Web\Web.csproj", "{97FF1C9C-3F83-4E49-AAF6-C2A4785DB999}"
EndProject
Project("{FAE04EC0-301F-11D3-BF4B-00C04F79EFBC}") = "WebApplication", "WebApplication\WebApplication.csproj", "{16E088E8-647F-45A3-B71B-DD792362CB5C}"
EndProject
Global
	GlobalSection(SolutionConfigurationPlatforms) = preSolution
		Debug|Any CPU = Debug|Any CPU
		Release|Any CPU = Release|Any CPU
	EndGlobalSection
	GlobalSection(ProjectConfigurationPlatforms) = postSolution
		{E2439551-BC2B-405B-84E6-6C96343F36AE}.Debug|Any CPU.ActiveCfg = Debug|Any CPU
		{E2439551-BC2B-405B-84E6-6C96343F36AE}.Debug|Any CPU.Build.0 = Debug|Any CPU
		{E2439551-BC2B-405B-84E6-6C96343F36AE}.Release|Any CPU.ActiveCfg = Release|Any CPU
		{E2439551-BC2B-405B-84E6-6C96343F36AE}.Release|Any CPU.Build.0 = Release|Any CPU
		{D18BF8C7-ADA2-47EF-B3AD-D2B051331CE2}.Debug|Any CPU.ActiveCfg = Debug|Any CPU
		{D18BF8C7-ADA2-47EF-B3AD-D2B051331CE2}.Debug|Any CPU.Build.0 = Debug|Any CPU
		{D18BF8C7-ADA2-47EF-B3AD-D2B051331CE2}.Release|Any CPU.ActiveCfg = Release|Any CPU
		{D18BF8C7-ADA2-47EF-B3AD-D2B051331CE2}.Release|Any CPU.Build.0 = Release|Any CPU
		{A3809381-8055-432C-9655-407B09B07E87}.Debug|Any CPU.ActiveCfg = Debug|Any CPU
		{A3809381-8055-432C-9655-407B09B07E87}.Debug|Any CPU.Build.0 = Debug|Any CPU
		{A3809381-8055-432C-9655-407B09B07E87}.Release|Any CPU.ActiveCfg = Release|Any CPU
		{A3809381-8055-432C-9655-407B09B07E87}.Release|Any CPU.Build.0 = Release|Any CPU
		{97FF1C9C-3F83-4E49-AAF6-C2A4785DB999}.Debug|Any CPU.ActiveCfg = Debug|Any CPU
		{97FF1C9C-3F83-4E49-AAF6-C2A4785DB999}.Debug|Any CPU.Build.0 = Debug|Any CPU
		{97FF1C9C-3F83-4E49-AAF6-C2A4785DB999}.Release|Any CPU.ActiveCfg = Release|Any CPU
		{97FF1C9C-3F83-4E49-AAF6-C2A4785DB999}.Release|Any CPU.Build.0 = Release|Any CPU
		{16E088E8-647F-45A3-B71B-DD792362CB5C}.Debug|Any CPU.ActiveCfg = Debug|Any CPU
		{16E088E8-647F-45A3-B71B-DD792362CB5C}.Debug|Any CPU.Build.0 = Debug|Any CPU
		{16E088E8-647F-45A3-B71B-DD792362CB5C}.Release|Any CPU.ActiveCfg = Release|Any CPU
		{16E088E8-647F-45A3-B71B-DD792362CB5C}.Release|Any CPU.Build.0 = Release|Any CPU
	EndGlobalSection
EndGlobal
